
Microsoft Visual Studio Solution File, Format Version 10.00
# Visual Studio 2008
Project("{2150E333-8FDC-42A3-9474-1A3956D46DE8}") = "Source", "Source", "{F44C1B0D-3F17-4765-8F49-FCB7371058E2}"
EndProject
Project("{8BC9CEB8-8B4A-11D0-8D11-00A0C91BC942}") = "QzGraph", "Source\QzGraph\QzGraph.vcproj", "{EB1E9311-E2AB-4E27-9C1C-F151A137AA1F}"
EndProject
Project("{8BC9CEB8-8B4A-11D0-8D11-00A0C91BC942}") = "QzGraphDemo", "Source\QzGraphDemo\QzGraphDemo.vcproj", "{B5F1467F-212E-46F8-A230-398602CD1E80}"
EndProject
Global
	GlobalSection(SubversionScc) = preSolution
		Svn-Managed = True
		Manager = AnkhSVN - Subversion Support for Visual Studio
	EndGlobalSection
	GlobalSection(SolutionConfigurationPlatforms) = preSolution
		Debug|Win32 = Debug|Win32
		Release|Win32 = Release|Win32
	EndGlobalSection
	GlobalSection(ProjectConfigurationPlatforms) = postSolution
		{EB1E9311-E2AB-4E27-9C1C-F151A137AA1F}.Debug|Win32.ActiveCfg = Debug|Win32
		{EB1E9311-E2AB-4E27-9C1C-F151A137AA1F}.Debug|Win32.Build.0 = Debug|Win32
		{EB1E9311-E2AB-4E27-9C1C-F151A137AA1F}.Release|Win32.ActiveCfg = Release|Win32
		{EB1E9311-E2AB-4E27-9C1C-F151A137AA1F}.Release|Win32.Build.0 = Release|Win32
		{B5F1467F-212E-46F8-A230-398602CD1E80}.Debug|Win32.ActiveCfg = Debug|Win32
		{B5F1467F-212E-46F8-A230-398602CD1E80}.Debug|Win32.Build.0 = Debug|Win32
		{B5F1467F-212E-46F8-A230-398602CD1E80}.Release|Win32.ActiveCfg = Release|Win32
		{B5F1467F-212E-46F8-A230-398602CD1E80}.Release|Win32.Build.0 = Release|Win32
	EndGlobalSection
	GlobalSection(SolutionProperties) = preSolution
		HideSolutionNode = FALSE
	EndGlobalSection
	GlobalSection(NestedProjects) = preSolution
		{EB1E9311-E2AB-4E27-9C1C-F151A137AA1F} = {F44C1B0D-3F17-4765-8F49-FCB7371058E2}
		{B5F1467F-212E-46F8-A230-398602CD1E80} = {F44C1B0D-3F17-4765-8F49-FCB7371058E2}
	EndGlobalSection
EndGlobal
